{
  "nodes": {
    "home-manager": {
      "inputs": {
        "nixpkgs": [
          "nixpkgs"
        ]
      },
      "locked": {
        "lastModified": 1726989464,
        "narHash": "sha256-Vl+WVTJwutXkimwGprnEtXc/s/s8sMuXzqXaspIGlwM=",
        "owner": "nix-community",
        "repo": "home-manager",
        "rev": "2f23fa308a7c067e52dfcc30a0758f47043ec176",
        "type": "github"
      },
      "original": {
        "owner": "nix-community",
        "ref": "release-24.05",
        "repo": "home-manager",
        "type": "github"
      }
    },
    "nixpkgs": {
      "locked": {
        "lastModified": 1728193676,
        "narHash": "sha256-PbDWAIjKJdlVg+qQRhzdSor04bAPApDqIv2DofTyynk=",
        "owner": "nixos",
        "repo": "nixpkgs",
        "rev": "ecbc1ca8ffd6aea8372ad16be9ebbb39889e55b6",
        "type": "github"
      },
      "original": {
        "owner": "nixos",
        "ref": "nixos-24.05",
        "repo": "nixpkgs",
        "type": "github"
      }
    },
    "nixpkgs-edge": {
      "locked": {
        "lastModified": 1728249353,
        "narHash": "sha256-7NBJm1jfMeAowE1J2oljYqWVvI9X7FyyxBY4O8uB/Os=",
        "owner": "nixos",
        "repo": "nixpkgs",
        "rev": "c8a17040be4a20b29589cb4043a9e0c36af1930e",
        "type": "github"
      },
      "original": {
        "owner": "nixos",
        "ref": "nixpkgs-unstable",
        "repo": "nixpkgs",
        "type": "github"
      }
    },
    "nvidia-patch": {
      "flake": false,
      "locked": {
        "lastModified": 1728174313,
        "narHash": "sha256-KCLo1FV4pnagz14J+9+mDtDptQghIgvMpcJwtv2XKPE=",
        "owner": "keylase",
        "repo": "nvidia-patch",
        "rev": "3d2025955328d09ec000a1a36fba82cf95ad826b",
        "type": "github"
      },
      "original": {
        "owner": "keylase",
        "repo": "nvidia-patch",
        "type": "github"
      }
    },
    "root": {
      "inputs": {
        "home-manager": "home-manager",
        "nixpkgs": "nixpkgs",
        "nixpkgs-edge": "nixpkgs-edge",
        "nvidia-patch": "nvidia-patch"
      }
    }
  },
  "root": "root",
  "version": 7
}
